
Microsoft Visual Studio Solution File, Format Version 12.00
Project("{FAE04EC0-301F-11D3-BF4B-00C04F79EFBC}") = "im8000asm", "im8000asm.csproj", "{9FC51DA8-22C5-466D-877B-70804A2A36AA}"
EndProject
Global
	GlobalSection(SolutionConfigurationPlatforms) = preSolution
		Debug|Any CPU = Debug|Any CPU
		Release|Any CPU = Release|Any CPU
	EndGlobalSection
	GlobalSection(ProjectConfigurationPlatforms) = postSolution
		{9FC51DA8-22C5-466D-877B-70804A2A36AA}.Debug|Any CPU.ActiveCfg = Debug|Any CPU
		{9FC51DA8-22C5-466D-877B-70804A2A36AA}.Debug|Any CPU.Build.0 = Debug|Any CPU
		{9FC51DA8-22C5-466D-877B-70804A2A36AA}.Release|Any CPU.ActiveCfg = Release|Any CPU
		{9FC51DA8-22C5-466D-877B-70804A2A36AA}.Release|Any CPU.Build.0 = Release|Any CPU
	EndGlobalSection
EndGlobal
